// !$*UTF8*$!
{
	archiveVersion = 1;
	classes = {
	};
	objectVersion = 56;
	objects = {

/* Begin PBXBuildFile section */
		080194DB2C165DBD00FD9807 /* InspectionListView.swift in Sources */ = {isa = PBXBuildFile; fileRef = 086CB3532C15DF18001758B3 /* InspectionListView.swift */; };
		081D70212C18A31B006B18E3 /* CoreDataManager.swift in Sources */ = {isa = PBXBuildFile; fileRef = 081D70202C18A31B006B18E3 /* CoreDataManager.swift */; };
		081D70232C18E617006B18E3 /* PrimaryButtonView.swift in Sources */ = {isa = PBXBuildFile; fileRef = 081D70222C18E617006B18E3 /* PrimaryButtonView.swift */; };
		086CB3542C15DF18001758B3 /* InspectionListView.swift in Sources */ = {isa = PBXBuildFile; fileRef = 086CB3532C15DF18001758B3 /* InspectionListView.swift */; };
		086CB3562C15DF73001758B3 /* SegmentControlView.swift in Sources */ = {isa = PBXBuildFile; fileRef = 086CB3552C15DF73001758B3 /* SegmentControlView.swift */; };
		086CB3582C15DFCC001758B3 /* InspectionView.swift in Sources */ = {isa = PBXBuildFile; fileRef = 086CB3572C15DFCC001758B3 /* InspectionView.swift */; };
		086CB35A2C15DFF0001758B3 /* InspectionQuestionView.swift in Sources */ = {isa = PBXBuildFile; fileRef = 086CB3592C15DFF0001758B3 /* InspectionQuestionView.swift */; };
		086CB35E2C15E020001758B3 /* RadioButtonField.swift in Sources */ = {isa = PBXBuildFile; fileRef = 086CB35D2C15E020001758B3 /* RadioButtonField.swift */; };
		0879B8E72C14C45600B56407 /* UserModel.swift in Sources */ = {isa = PBXBuildFile; fileRef = 0879B8E62C14C45600B56407 /* UserModel.swift */; };
		0879B8E92C14C5EE00B56407 /* LoginViewModel.swift in Sources */ = {isa = PBXBuildFile; fileRef = 0879B8E82C14C5EE00B56407 /* LoginViewModel.swift */; };
		08F2C4892C14254C000148B5 /* InspectionsAppApp.swift in Sources */ = {isa = PBXBuildFile; fileRef = 08F2C4882C14254C000148B5 /* InspectionsAppApp.swift */; };
		08F2C48D2C14254F000148B5 /* Assets.xcassets in Resources */ = {isa = PBXBuildFile; fileRef = 08F2C48C2C14254F000148B5 /* Assets.xcassets */; };
		08F2C4902C14254F000148B5 /* Preview Assets.xcassets in Resources */ = {isa = PBXBuildFile; fileRef = 08F2C48F2C14254F000148B5 /* Preview Assets.xcassets */; };
		08F2C4952C14254F000148B5 /* InspectionsApp.xcdatamodeld in Sources */ = {isa = PBXBuildFile; fileRef = 08F2C4932C14254F000148B5 /* InspectionsApp.xcdatamodeld */; };
		08F2C49F2C142550000148B5 /* InspectionsAppTests.swift in Sources */ = {isa = PBXBuildFile; fileRef = 08F2C49E2C142550000148B5 /* InspectionsAppTests.swift */; };
		08F2C4A92C142550000148B5 /* InspectionsAppUITests.swift in Sources */ = {isa = PBXBuildFile; fileRef = 08F2C4A82C142550000148B5 /* InspectionsAppUITests.swift */; };
		08F2C4AB2C142550000148B5 /* InspectionsAppUITestsLaunchTests.swift in Sources */ = {isa = PBXBuildFile; fileRef = 08F2C4AA2C142550000148B5 /* InspectionsAppUITestsLaunchTests.swift */; };
		08F2C4BD2C1433A3000148B5 /* LoginView.swift in Sources */ = {isa = PBXBuildFile; fileRef = 08F2C4BC2C1433A3000148B5 /* LoginView.swift */; };
		08F2C4BF2C14370E000148B5 /* TextFieldView.swift in Sources */ = {isa = PBXBuildFile; fileRef = 08F2C4BE2C14370E000148B5 /* TextFieldView.swift */; };
		08F2C4C12C1487F6000148B5 /* TabControlView.swift in Sources */ = {isa = PBXBuildFile; fileRef = 08F2C4C02C1487F6000148B5 /* TabControlView.swift */; };
		08F2C4C32C148D17000148B5 /* InspectionDataModel.swift in Sources */ = {isa = PBXBuildFile; fileRef = 08F2C4C22C148D17000148B5 /* InspectionDataModel.swift */; };
		08F2C4C52C14BCD1000148B5 /* Endpoint.swift in Sources */ = {isa = PBXBuildFile; fileRef = 08F2C4C42C14BCD1000148B5 /* Endpoint.swift */; };
		08F3D98B2C173AB900DA9BCD /* InspectionListViewModel.swift in Sources */ = {isa = PBXBuildFile; fileRef = 08F3D98A2C173AB900DA9BCD /* InspectionListViewModel.swift */; };
		08F3D9922C173B4D00DA9BCD /* InspectionViewModel.swift in Sources */ = {isa = PBXBuildFile; fileRef = 08F3D9912C173B4D00DA9BCD /* InspectionViewModel.swift */; };
		08F3D9962C173BED00DA9BCD /* NetworkService.swift in Sources */ = {isa = PBXBuildFile; fileRef = 08F3D9952C173BED00DA9BCD /* NetworkService.swift */; };
		08F3D9982C173C2E00DA9BCD /* APIError.swift in Sources */ = {isa = PBXBuildFile; fileRef = 08F3D9972C173C2E00DA9BCD /* APIError.swift */; };
		08F3D99A2C173C7000DA9BCD /* APIEnvironment.swift in Sources */ = {isa = PBXBuildFile; fileRef = 08F3D9992C173C7000DA9BCD /* APIEnvironment.swift */; };
/* End PBXBuildFile section */

/* Begin PBXContainerItemProxy section */
		08F2C49B2C142550000148B5 /* PBXContainerItemProxy */ = {
			isa = PBXContainerItemProxy;
			containerPortal = 08F2C47D2C14254C000148B5 /* Project object */;
			proxyType = 1;
			remoteGlobalIDString = 08F2C4842C14254C000148B5;
			remoteInfo = InspectionsApp;
		};
		08F2C4A52C142550000148B5 /* PBXContainerItemProxy */ = {
			isa = PBXContainerItemProxy;
			containerPortal = 08F2C47D2C14254C000148B5 /* Project object */;
			proxyType = 1;
			remoteGlobalIDString = 08F2C4842C14254C000148B5;
			remoteInfo = InspectionsApp;
		};
/* End PBXContainerItemProxy section */

/* Begin PBXFileReference section */
		081D70202C18A31B006B18E3 /* CoreDataManager.swift */ = {isa = PBXFileReference; lastKnownFileType = sourcecode.swift; path = CoreDataManager.swift; sourceTree = "<group>"; };
		081D70222C18E617006B18E3 /* PrimaryButtonView.swift */ = {isa = PBXFileReference; lastKnownFileType = sourcecode.swift; path = PrimaryButtonView.swift; sourceTree = "<group>"; };
		086CB3532C15DF18001758B3 /* InspectionListView.swift */ = {isa = PBXFileReference; lastKnownFileType = sourcecode.swift; path = InspectionListView.swift; sourceTree = "<group>"; };
		086CB3552C15DF73001758B3 /* SegmentControlView.swift */ = {isa = PBXFileReference; lastKnownFileType = sourcecode.swift; path = SegmentControlView.swift; sourceTree = "<group>"; };
		086CB3572C15DFCC001758B3 /* InspectionView.swift */ = {isa = PBXFileReference; lastKnownFileType = sourcecode.swift; path = InspectionView.swift; sourceTree = "<group>"; };
		086CB3592C15DFF0001758B3 /* InspectionQuestionView.swift */ = {isa = PBXFileReference; lastKnownFileType = sourcecode.swift; path = InspectionQuestionView.swift; sourceTree = "<group>"; };
		086CB35D2C15E020001758B3 /* RadioButtonField.swift */ = {isa = PBXFileReference; lastKnownFileType = sourcecode.swift; path = RadioButtonField.swift; sourceTree = "<group>"; };
		0879B8E62C14C45600B56407 /* UserModel.swift */ = {isa = PBXFileReference; lastKnownFileType = sourcecode.swift; path = UserModel.swift; sourceTree = "<group>"; };
		0879B8E82C14C5EE00B56407 /* LoginViewModel.swift */ = {isa = PBXFileReference; lastKnownFileType = sourcecode.swift; path = LoginViewModel.swift; sourceTree = "<group>"; };
		08F2C4852C14254C000148B5 /* InspectionsApp.app */ = {isa = PBXFileReference; explicitFileType = wrapper.application; includeInIndex = 0; path = InspectionsApp.app; sourceTree = BUILT_PRODUCTS_DIR; };
		08F2C4882C14254C000148B5 /* InspectionsAppApp.swift */ = {isa = PBXFileReference; lastKnownFileType = sourcecode.swift; path = InspectionsAppApp.swift; sourceTree = "<group>"; };
		08F2C48C2C14254F000148B5 /* Assets.xcassets */ = {isa = PBXFileReference; lastKnownFileType = folder.assetcatalog; path = Assets.xcassets; sourceTree = "<group>"; };
		08F2C48F2C14254F000148B5 /* Preview Assets.xcassets */ = {isa = PBXFileReference; lastKnownFileType = folder.assetcatalog; path = "Preview Assets.xcassets"; sourceTree = "<group>"; };
		08F2C4942C14254F000148B5 /* InspectionsApp.xcdatamodel */ = {isa = PBXFileReference; lastKnownFileType = wrapper.xcdatamodel; path = InspectionsApp.xcdatamodel; sourceTree = "<group>"; };
		08F2C49A2C142550000148B5 /* InspectionsAppTests.xctest */ = {isa = PBXFileReference; explicitFileType = wrapper.cfbundle; includeInIndex = 0; path = InspectionsAppTests.xctest; sourceTree = BUILT_PRODUCTS_DIR; };
		08F2C49E2C142550000148B5 /* InspectionsAppTests.swift */ = {isa = PBXFileReference; lastKnownFileType = sourcecode.swift; path = InspectionsAppTests.swift; sourceTree = "<group>"; };
		08F2C4A42C142550000148B5 /* InspectionsAppUITests.xctest */ = {isa = PBXFileReference; explicitFileType = wrapper.cfbundle; includeInIndex = 0; path = InspectionsAppUITests.xctest; sourceTree = BUILT_PRODUCTS_DIR; };
		08F2C4A82C142550000148B5 /* InspectionsAppUITests.swift */ = {isa = PBXFileReference; lastKnownFileType = sourcecode.swift; path = InspectionsAppUITests.swift; sourceTree = "<group>"; };
		08F2C4AA2C142550000148B5 /* InspectionsAppUITestsLaunchTests.swift */ = {isa = PBXFileReference; lastKnownFileType = sourcecode.swift; path = InspectionsAppUITestsLaunchTests.swift; sourceTree = "<group>"; };
		08F2C4BC2C1433A3000148B5 /* LoginView.swift */ = {isa = PBXFileReference; lastKnownFileType = sourcecode.swift; path = LoginView.swift; sourceTree = "<group>"; };
		08F2C4BE2C14370E000148B5 /* TextFieldView.swift */ = {isa = PBXFileReference; lastKnownFileType = sourcecode.swift; path = TextFieldView.swift; sourceTree = "<group>"; };
		08F2C4C02C1487F6000148B5 /* TabControlView.swift */ = {isa = PBXFileReference; lastKnownFileType = sourcecode.swift; path = TabControlView.swift; sourceTree = "<group>"; };
		08F2C4C22C148D17000148B5 /* InspectionDataModel.swift */ = {isa = PBXFileReference; lastKnownFileType = sourcecode.swift; path = InspectionDataModel.swift; sourceTree = "<group>"; };
		08F2C4C42C14BCD1000148B5 /* Endpoint.swift */ = {isa = PBXFileReference; lastKnownFileType = sourcecode.swift; path = Endpoint.swift; sourceTree = "<group>"; };
		08F3D98A2C173AB900DA9BCD /* InspectionListViewModel.swift */ = {isa = PBXFileReference; lastKnownFileType = sourcecode.swift; path = InspectionListViewModel.swift; sourceTree = "<group>"; };
		08F3D9912C173B4D00DA9BCD /* InspectionViewModel.swift */ = {isa = PBXFileReference; lastKnownFileType = sourcecode.swift; path = InspectionViewModel.swift; sourceTree = "<group>"; };
		08F3D9952C173BED00DA9BCD /* NetworkService.swift */ = {isa = PBXFileReference; lastKnownFileType = sourcecode.swift; path = NetworkService.swift; sourceTree = "<group>"; };
		08F3D9972C173C2E00DA9BCD /* APIError.swift */ = {isa = PBXFileReference; lastKnownFileType = sourcecode.swift; path = APIError.swift; sourceTree = "<group>"; };
		08F3D9992C173C7000DA9BCD /* APIEnvironment.swift */ = {isa = PBXFileReference; lastKnownFileType = sourcecode.swift; path = APIEnvironment.swift; sourceTree = "<group>"; };
/* End PBXFileReference section */

/* Begin PBXFrameworksBuildPhase section */
		08F2C4822C14254C000148B5 /* Frameworks */ = {
			isa = PBXFrameworksBuildPhase;
			buildActionMask = 2147483647;
			files = (
			);
			runOnlyForDeploymentPostprocessing = 0;
		};
		08F2C4972C142550000148B5 /* Frameworks */ = {
			isa = PBXFrameworksBuildPhase;
			buildActionMask = 2147483647;
			files = (
			);
			runOnlyForDeploymentPostprocessing = 0;
		};
		08F2C4A12C142550000148B5 /* Frameworks */ = {
			isa = PBXFrameworksBuildPhase;
			buildActionMask = 2147483647;
			files = (
			);
			runOnlyForDeploymentPostprocessing = 0;
		};
/* End PBXFrameworksBuildPhase section */

/* Begin PBXGroup section */
		086CB3522C15DEED001758B3 /* InspectionList */ = {
			isa = PBXGroup;
			children = (
				08F3D9932C173B9400DA9BCD /* Model */,
				08F3D98E2C173B1600DA9BCD /* InspectionView */,
				08F3D98D2C173AF000DA9BCD /* ViewModel */,
				08F3D98C2C173AE500DA9BCD /* View */,
			);
			path = InspectionList;
			sourceTree = "<group>";
		};
		086CB35B2C15E00D001758B3 /* Common */ = {
			isa = PBXGroup;
			children = (
				08F3D9942C173BBD00DA9BCD /* Network */,
				086CB35C2C15E015001758B3 /* UI */,
			);
			path = Common;
			sourceTree = "<group>";
		};
		086CB35C2C15E015001758B3 /* UI */ = {
			isa = PBXGroup;
			children = (
				08F2C4C02C1487F6000148B5 /* TabControlView.swift */,
				086CB3552C15DF73001758B3 /* SegmentControlView.swift */,
				086CB35D2C15E020001758B3 /* RadioButtonField.swift */,
				081D70222C18E617006B18E3 /* PrimaryButtonView.swift */,
				08F2C4BE2C14370E000148B5 /* TextFieldView.swift */,
			);
			path = UI;
			sourceTree = "<group>";
		};
		08F2C47C2C14254C000148B5 = {
			isa = PBXGroup;
			children = (
				08F2C4872C14254C000148B5 /* InspectionsApp */,
				08F2C49D2C142550000148B5 /* InspectionsAppTests */,
				08F2C4A72C142550000148B5 /* InspectionsAppUITests */,
				08F2C4862C14254C000148B5 /* Products */,
			);
			sourceTree = "<group>";
		};
		08F2C4862C14254C000148B5 /* Products */ = {
			isa = PBXGroup;
			children = (
				08F2C4852C14254C000148B5 /* InspectionsApp.app */,
				08F2C49A2C142550000148B5 /* InspectionsAppTests.xctest */,
				08F2C4A42C142550000148B5 /* InspectionsAppUITests.xctest */,
			);
			name = Products;
			sourceTree = "<group>";
		};
		08F2C4872C14254C000148B5 /* InspectionsApp */ = {
			isa = PBXGroup;
			children = (
				08F2C4B72C143365000148B5 /* Flow */,
				08F2C4882C14254C000148B5 /* InspectionsAppApp.swift */,
				08F2C48C2C14254F000148B5 /* Assets.xcassets */,
				08F2C4932C14254F000148B5 /* InspectionsApp.xcdatamodeld */,
				08F2C48E2C14254F000148B5 /* Preview Content */,
			);
			path = InspectionsApp;
			sourceTree = "<group>";
		};
		08F2C48E2C14254F000148B5 /* Preview Content */ = {
			isa = PBXGroup;
			children = (
				08F2C48F2C14254F000148B5 /* Preview Assets.xcassets */,
			);
			path = "Preview Content";
			sourceTree = "<group>";
		};
		08F2C49D2C142550000148B5 /* InspectionsAppTests */ = {
			isa = PBXGroup;
			children = (
				08F2C49E2C142550000148B5 /* InspectionsAppTests.swift */,
			);
			path = InspectionsAppTests;
			sourceTree = "<group>";
		};
		08F2C4A72C142550000148B5 /* InspectionsAppUITests */ = {
			isa = PBXGroup;
			children = (
				08F2C4A82C142550000148B5 /* InspectionsAppUITests.swift */,
				08F2C4AA2C142550000148B5 /* InspectionsAppUITestsLaunchTests.swift */,
			);
			path = InspectionsAppUITests;
			sourceTree = "<group>";
		};
		08F2C4B72C143365000148B5 /* Flow */ = {
			isa = PBXGroup;
			children = (
				086CB35B2C15E00D001758B3 /* Common */,
				086CB3522C15DEED001758B3 /* InspectionList */,
				08F2C4BB2C14338D000148B5 /* Login */,
				081D70202C18A31B006B18E3 /* CoreDataManager.swift */,
			);
			path = Flow;
			sourceTree = "<group>";
		};
		08F2C4B82C143371000148B5 /* View */ = {
			isa = PBXGroup;
			children = (
				08F2C4BC2C1433A3000148B5 /* LoginView.swift */,
			);
			path = View;
			sourceTree = "<group>";
		};
		08F2C4B92C143377000148B5 /* ViewModel */ = {
			isa = PBXGroup;
			children = (
				0879B8E82C14C5EE00B56407 /* LoginViewModel.swift */,
			);
			path = ViewModel;
			sourceTree = "<group>";
		};
		08F2C4BA2C143383000148B5 /* Model */ = {
			isa = PBXGroup;
			children = (
				0879B8E62C14C45600B56407 /* UserModel.swift */,
			);
			path = Model;
			sourceTree = "<group>";
		};
		08F2C4BB2C14338D000148B5 /* Login */ = {
			isa = PBXGroup;
			children = (
				08F2C4BA2C143383000148B5 /* Model */,
				08F2C4B92C143377000148B5 /* ViewModel */,
				08F2C4B82C143371000148B5 /* View */,
			);
			path = Login;
			sourceTree = "<group>";
		};
		08F3D98C2C173AE500DA9BCD /* View */ = {
			isa = PBXGroup;
			children = (
				086CB3532C15DF18001758B3 /* InspectionListView.swift */,
			);
			path = View;
			sourceTree = "<group>";
		};
		08F3D98D2C173AF000DA9BCD /* ViewModel */ = {
			isa = PBXGroup;
			children = (
				08F3D9912C173B4D00DA9BCD /* InspectionViewModel.swift */,
				08F3D98A2C173AB900DA9BCD /* InspectionListViewModel.swift */,
			);
			path = ViewModel;
			sourceTree = "<group>";
		};
		08F3D98E2C173B1600DA9BCD /* InspectionView */ = {
			isa = PBXGroup;
			children = (
				08F3D9902C173B3B00DA9BCD /* View */,
			);
			path = InspectionView;
			sourceTree = "<group>";
		};
		08F3D9902C173B3B00DA9BCD /* View */ = {
			isa = PBXGroup;
			children = (
				086CB3592C15DFF0001758B3 /* InspectionQuestionView.swift */,
				086CB3572C15DFCC001758B3 /* InspectionView.swift */,
			);
			path = View;
			sourceTree = "<group>";
		};
		08F3D9932C173B9400DA9BCD /* Model */ = {
			isa = PBXGroup;
			children = (
				08F2C4C22C148D17000148B5 /* InspectionDataModel.swift */,
			);
			path = Model;
			sourceTree = "<group>";
		};
		08F3D9942C173BBD00DA9BCD /* Network */ = {
			isa = PBXGroup;
			children = (
				08F2C4C42C14BCD1000148B5 /* Endpoint.swift */,
				08F3D9952C173BED00DA9BCD /* NetworkService.swift */,
				08F3D9972C173C2E00DA9BCD /* APIError.swift */,
				08F3D9992C173C7000DA9BCD /* APIEnvironment.swift */,
			);
			path = Network;
			sourceTree = "<group>";
		};
/* End PBXGroup section */

/* Begin PBXNativeTarget section */
		08F2C4842C14254C000148B5 /* InspectionsApp */ = {
			isa = PBXNativeTarget;
			buildConfigurationList = 08F2C4AE2C142550000148B5 /* Build configuration list for PBXNativeTarget "InspectionsApp" */;
			buildPhases = (
				08F2C4812C14254C000148B5 /* Sources */,
				08F2C4822C14254C000148B5 /* Frameworks */,
				08F2C4832C14254C000148B5 /* Resources */,
			);
			buildRules = (
			);
			dependencies = (
			);
			name = InspectionsApp;
			productName = InspectionsApp;
			productReference = 08F2C4852C14254C000148B5 /* InspectionsApp.app */;
			productType = "com.apple.product-type.application";
		};
		08F2C4992C142550000148B5 /* InspectionsAppTests */ = {
			isa = PBXNativeTarget;
			buildConfigurationList = 08F2C4B12C142550000148B5 /* Build configuration list for PBXNativeTarget "InspectionsAppTests" */;
			buildPhases = (
				08F2C4962C142550000148B5 /* Sources */,
				08F2C4972C142550000148B5 /* Frameworks */,
				08F2C4982C142550000148B5 /* Resources */,
			);
			buildRules = (
			);
			dependencies = (
				08F2C49C2C142550000148B5 /* PBXTargetDependency */,
			);
			name = InspectionsAppTests;
			productName = InspectionsAppTests;
			productReference = 08F2C49A2C142550000148B5 /* InspectionsAppTests.xctest */;
			productType = "com.apple.product-type.bundle.unit-test";
		};
		08F2C4A32C142550000148B5 /* InspectionsAppUITests */ = {
			isa = PBXNativeTarget;
			buildConfigurationList = 08F2C4B42C142550000148B5 /* Build configuration list for PBXNativeTarget "InspectionsAppUITests" */;
			buildPhases = (
				08F2C4A02C142550000148B5 /* Sources */,
				08F2C4A12C142550000148B5 /* Frameworks */,
				08F2C4A22C142550000148B5 /* Resources */,
			);
			buildRules = (
			);
			dependencies = (
				08F2C4A62C142550000148B5 /* PBXTargetDependency */,
			);
			name = InspectionsAppUITests;
			productName = InspectionsAppUITests;
			productReference = 08F2C4A42C142550000148B5 /* InspectionsAppUITests.xctest */;
			productType = "com.apple.product-type.bundle.ui-testing";
		};
/* End PBXNativeTarget section */

/* Begin PBXProject section */
		08F2C47D2C14254C000148B5 /* Project object */ = {
			isa = PBXProject;
			attributes = {
				BuildIndependentTargetsInParallel = 1;
				LastSwiftUpdateCheck = 1430;
				LastUpgradeCheck = 1430;
				TargetAttributes = {
					08F2C4842C14254C000148B5 = {
						CreatedOnToolsVersion = 14.3;
					};
					08F2C4992C142550000148B5 = {
						CreatedOnToolsVersion = 14.3;
						TestTargetID = 08F2C4842C14254C000148B5;
					};
					08F2C4A32C142550000148B5 = {
						CreatedOnToolsVersion = 14.3;
						TestTargetID = 08F2C4842C14254C000148B5;
					};
				};
			};
			buildConfigurationList = 08F2C4802C14254C000148B5 /* Build configuration list for PBXProject "InspectionsApp" */;
			compatibilityVersion = "Xcode 14.0";
			developmentRegion = en;
			hasScannedForEncodings = 0;
			knownRegions = (
				en,
				Base,
			);
			mainGroup = 08F2C47C2C14254C000148B5;
			productRefGroup = 08F2C4862C14254C000148B5 /* Products */;
			projectDirPath = "";
			projectRoot = "";
			targets = (
				08F2C4842C14254C000148B5 /* InspectionsApp */,
				08F2C4992C142550000148B5 /* InspectionsAppTests */,
				08F2C4A32C142550000148B5 /* InspectionsAppUITests */,
			);
		};
/* End PBXProject section */

/* Begin PBXResourcesBuildPhase section */
		08F2C4832C14254C000148B5 /* Resources */ = {
			isa = PBXResourcesBuildPhase;
			buildActionMask = 2147483647;
			files = (
				08F2C4902C14254F000148B5 /* Preview Assets.xcassets in Resources */,
				08F2C48D2C14254F000148B5 /* Assets.xcassets in Resources */,
			);
			runOnlyForDeploymentPostprocessing = 0;
		};
		08F2C4982C142550000148B5 /* Resources */ = {
			isa = PBXResourcesBuildPhase;
			buildActionMask = 2147483647;
			files = (
			);
			runOnlyForDeploymentPostprocessing = 0;
		};
		08F2C4A22C142550000148B5 /* Resources */ = {
			isa = PBXResourcesBuildPhase;
			buildActionMask = 2147483647;
			files = (
			);
			runOnlyForDeploymentPostprocessing = 0;
		};
/* End PBXResourcesBuildPhase section */

/* Begin PBXSourcesBuildPhase section */
		08F2C4812C14254C000148B5 /* Sources */ = {
			isa = PBXSourcesBuildPhase;
			buildActionMask = 2147483647;
			files = (
				08F3D9962C173BED00DA9BCD /* NetworkService.swift in Sources */,
				086CB35E2C15E020001758B3 /* RadioButtonField.swift in Sources */,
				08F3D99A2C173C7000DA9BCD /* APIEnvironment.swift in Sources */,
				08F2C4C52C14BCD1000148B5 /* Endpoint.swift in Sources */,
				0879B8E92C14C5EE00B56407 /* LoginViewModel.swift in Sources */,
				08F2C4BF2C14370E000148B5 /* TextFieldView.swift in Sources */,
				08F2C4892C14254C000148B5 /* InspectionsAppApp.swift in Sources */,
				086CB3562C15DF73001758B3 /* SegmentControlView.swift in Sources */,
				081D70212C18A31B006B18E3 /* CoreDataManager.swift in Sources */,
				086CB3542C15DF18001758B3 /* InspectionListView.swift in Sources */,
				086CB3582C15DFCC001758B3 /* InspectionView.swift in Sources */,
				08F3D9922C173B4D00DA9BCD /* InspectionViewModel.swift in Sources */,
				08F2C4BD2C1433A3000148B5 /* LoginView.swift in Sources */,
				08F3D9982C173C2E00DA9BCD /* APIError.swift in Sources */,
				08F2C4C32C148D17000148B5 /* InspectionDataModel.swift in Sources */,
				08F3D98B2C173AB900DA9BCD /* InspectionListViewModel.swift in Sources */,
				08F2C4952C14254F000148B5 /* InspectionsApp.xcdatamodeld in Sources */,
				08F2C4C12C1487F6000148B5 /* TabControlView.swift in Sources */,
				086CB35A2C15DFF0001758B3 /* InspectionQuestionView.swift in Sources */,
				081D70232C18E617006B18E3 /* PrimaryButtonView.swift in Sources */,
				0879B8E72C14C45600B56407 /* UserModel.swift in Sources */,
			);
			runOnlyForDeploymentPostprocessing = 0;
		};
		08F2C4962C142550000148B5 /* Sources */ = {
			isa = PBXSourcesBuildPhase;
			buildActionMask = 2147483647;
			files = (
				08F2C49F2C142550000148B5 /* InspectionsAppTests.swift in Sources */,
			);
			runOnlyForDeploymentPostprocessing = 0;
		};
		08F2C4A02C142550000148B5 /* Sources */ = {
			isa = PBXSourcesBuildPhase;
			buildActionMask = 2147483647;
			files = (
				080194DB2C165DBD00FD9807 /* InspectionListView.swift in Sources */,
				08F2C4AB2C142550000148B5 /* InspectionsAppUITestsLaunchTests.swift in Sources */,
				08F2C4A92C142550000148B5 /* InspectionsAppUITests.swift in Sources */,
			);
			runOnlyForDeploymentPostprocessing = 0;
		};
/* End PBXSourcesBuildPhase section */

/* Begin PBXTargetDependency section */
		08F2C49C2C142550000148B5 /* PBXTargetDependency */ = {
			isa = PBXTargetDependency;
			target = 08F2C4842C14254C000148B5 /* InspectionsApp */;
			targetProxy = 08F2C49B2C142550000148B5 /* PBXContainerItemProxy */;
		};
		08F2C4A62C142550000148B5 /* PBXTargetDependency */ = {
			isa = PBXTargetDependency;
			target = 08F2C4842C14254C000148B5 /* InspectionsApp */;
			targetProxy = 08F2C4A52C142550000148B5 /* PBXContainerItemProxy */;
		};
/* End PBXTargetDependency section */

/* Begin XCBuildConfiguration section */
		08F2C4AC2C142550000148B5 /* Debug */ = {
			isa = XCBuildConfiguration;
			buildSettings = {
				ALWAYS_SEARCH_USER_PATHS = NO;
				CLANG_ANALYZER_NONNULL = YES;
				CLANG_ANALYZER_NUMBER_OBJECT_CONVERSION = YES_AGGRESSIVE;
				CLANG_CXX_LANGUAGE_STANDARD = "gnu++20";
				CLANG_ENABLE_MODULES = YES;
				CLANG_ENABLE_OBJC_ARC = YES;
				CLANG_ENABLE_OBJC_WEAK = YES;
				CLANG_WARN_BLOCK_CAPTURE_AUTORELEASING = YES;
				CLANG_WARN_BOOL_CONVERSION = YES;
				CLANG_WARN_COMMA = YES;
				CLANG_WARN_CONSTANT_CONVERSION = YES;
				CLANG_WARN_DEPRECATED_OBJC_IMPLEMENTATIONS = YES;
				CLANG_WARN_DIRECT_OBJC_ISA_USAGE = YES_ERROR;
				CLANG_WARN_DOCUMENTATION_COMMENTS = YES;
				CLANG_WARN_EMPTY_BODY = YES;
				CLANG_WARN_ENUM_CONVERSION = YES;
				CLANG_WARN_INFINITE_RECURSION = YES;
				CLANG_WARN_INT_CONVERSION = YES;
				CLANG_WARN_NON_LITERAL_NULL_CONVERSION = YES;
				CLANG_WARN_OBJC_IMPLICIT_RETAIN_SELF = YES;
				CLANG_WARN_OBJC_LITERAL_CONVERSION = YES;
				CLANG_WARN_OBJC_ROOT_CLASS = YES_ERROR;
				CLANG_WARN_QUOTED_INCLUDE_IN_FRAMEWORK_HEADER = YES;
				CLANG_WARN_RANGE_LOOP_ANALYSIS = YES;
				CLANG_WARN_STRICT_PROTOTYPES = YES;
				CLANG_WARN_SUSPICIOUS_MOVE = YES;
				CLANG_WARN_UNGUARDED_AVAILABILITY = YES_AGGRESSIVE;
				CLANG_WARN_UNREACHABLE_CODE = YES;
				CLANG_WARN__DUPLICATE_METHOD_MATCH = YES;
				COPY_PHASE_STRIP = NO;
				DEBUG_INFORMATION_FORMAT = dwarf;
				ENABLE_STRICT_OBJC_MSGSEND = YES;
				ENABLE_TESTABILITY = YES;
				GCC_C_LANGUAGE_STANDARD = gnu11;
				GCC_DYNAMIC_NO_PIC = NO;
				GCC_NO_COMMON_BLOCKS = YES;
				GCC_OPTIMIZATION_LEVEL = 0;
				GCC_PREPROCESSOR_DEFINITIONS = (
					"DEBUG=1",
					"$(inherited)",
				);
				GCC_WARN_64_TO_32_BIT_CONVERSION = YES;
				GCC_WARN_ABOUT_RETURN_TYPE = YES_ERROR;
				GCC_WARN_UNDECLARED_SELECTOR = YES;
				GCC_WARN_UNINITIALIZED_AUTOS = YES_AGGRESSIVE;
				GCC_WARN_UNUSED_FUNCTION = YES;
				GCC_WARN_UNUSED_VARIABLE = YES;
				IPHONEOS_DEPLOYMENT_TARGET = 16.4;
				MTL_ENABLE_DEBUG_INFO = INCLUDE_SOURCE;
				MTL_FAST_MATH = YES;
				ONLY_ACTIVE_ARCH = YES;
				SDKROOT = iphoneos;
				SWIFT_ACTIVE_COMPILATION_CONDITIONS = DEBUG;
				SWIFT_OPTIMIZATION_LEVEL = "-Onone";
			};
			name = Debug;
		};
		08F2C4AD2C142550000148B5 /* Release */ = {
			isa = XCBuildConfiguration;
			buildSettings = {
				ALWAYS_SEARCH_USER_PATHS = NO;
				CLANG_ANALYZER_NONNULL = YES;
				CLANG_ANALYZER_NUMBER_OBJECT_CONVERSION = YES_AGGRESSIVE;
				CLANG_CXX_LANGUAGE_STANDARD = "gnu++20";
				CLANG_ENABLE_MODULES = YES;
				CLANG_ENABLE_OBJC_ARC = YES;
				CLANG_ENABLE_OBJC_WEAK = YES;
				CLANG_WARN_BLOCK_CAPTURE_AUTORELEASING = YES;
				CLANG_WARN_BOOL_CONVERSION = YES;
				CLANG_WARN_COMMA = YES;
				CLANG_WARN_CONSTANT_CONVERSION = YES;
				CLANG_WARN_DEPRECATED_OBJC_IMPLEMENTATIONS = YES;
				CLANG_WARN_DIRECT_OBJC_ISA_USAGE = YES_ERROR;
				CLANG_WARN_DOCUMENTATION_COMMENTS = YES;
				CLANG_WARN_EMPTY_BODY = YES;
				CLANG_WARN_ENUM_CONVERSION = YES;
				CLANG_WARN_INFINITE_RECURSION = YES;
				CLANG_WARN_INT_CONVERSION = YES;
				CLANG_WARN_NON_LITERAL_NULL_CONVERSION = YES;
				CLANG_WARN_OBJC_IMPLICIT_RETAIN_SELF = YES;
				CLANG_WARN_OBJC_LITERAL_CONVERSION = YES;
				CLANG_WARN_OBJC_ROOT_CLASS = YES_ERROR;
				CLANG_WARN_QUOTED_INCLUDE_IN_FRAMEWORK_HEADER = YES;
				CLANG_WARN_RANGE_LOOP_ANALYSIS = YES;
				CLANG_WARN_STRICT_PROTOTYPES = YES;
				CLANG_WARN_SUSPICIOUS_MOVE = YES;
				CLANG_WARN_UNGUARDED_AVAILABILITY = YES_AGGRESSIVE;
				CLANG_WARN_UNREACHABLE_CODE = YES;
				CLANG_WARN__DUPLICATE_METHOD_MATCH = YES;
				COPY_PHASE_STRIP = NO;
				DEBUG_INFORMATION_FORMAT = "dwarf-with-dsym";
				ENABLE_NS_ASSERTIONS = NO;
				ENABLE_STRICT_OBJC_MSGSEND = YES;
				GCC_C_LANGUAGE_STANDARD = gnu11;
				GCC_NO_COMMON_BLOCKS = YES;
				GCC_WARN_64_TO_32_BIT_CONVERSION = YES;
				GCC_WARN_ABOUT_RETURN_TYPE = YES_ERROR;
				GCC_WARN_UNDECLARED_SELECTOR = YES;
				GCC_WARN_UNINITIALIZED_AUTOS = YES_AGGRESSIVE;
				GCC_WARN_UNUSED_FUNCTION = YES;
				GCC_WARN_UNUSED_VARIABLE = YES;
				IPHONEOS_DEPLOYMENT_TARGET = 16.4;
				MTL_ENABLE_DEBUG_INFO = NO;
				MTL_FAST_MATH = YES;
				SDKROOT = iphoneos;
				SWIFT_COMPILATION_MODE = wholemodule;
				SWIFT_OPTIMIZATION_LEVEL = "-O";
				VALIDATE_PRODUCT = YES;
			};
			name = Release;
		};
		08F2C4AF2C142550000148B5 /* Debug */ = {
			isa = XCBuildConfiguration;
			buildSettings = {
				ASSETCATALOG_COMPILER_APPICON_NAME = AppIcon;
				ASSETCATALOG_COMPILER_GLOBAL_ACCENT_COLOR_NAME = AccentColor;
				CODE_SIGN_STYLE = Automatic;
				CURRENT_PROJECT_VERSION = 1;
				DEVELOPMENT_ASSET_PATHS = "\"InspectionsApp/Preview Content\"";
				ENABLE_PREVIEWS = YES;
				GENERATE_INFOPLIST_FILE = YES;
				INFOPLIST_KEY_UIApplicationSceneManifest_Generation = YES;
				INFOPLIST_KEY_UIApplicationSupportsIndirectInputEvents = YES;
				INFOPLIST_KEY_UILaunchScreen_Generation = YES;
				INFOPLIST_KEY_UISupportedInterfaceOrientations_iPad = "UIInterfaceOrientationPortrait UIInterfaceOrientationPortraitUpsideDown UIInterfaceOrientationLandscapeLeft UIInterfaceOrientationLandscapeRight";
				INFOPLIST_KEY_UISupportedInterfaceOrientations_iPhone = "UIInterfaceOrientationPortrait UIInterfaceOrientationLandscapeLeft UIInterfaceOrientationLandscapeRight";
				LD_RUNPATH_SEARCH_PATHS = (
					"$(inherited)",
					"@executable_path/Frameworks",
				);
				MARKETING_VERSION = 1.0;
				PRODUCT_BUNDLE_IDENTIFIER = com.parshwanath.InspectionsApp;
				PRODUCT_NAME = "$(TARGET_NAME)";
				SWIFT_EMIT_LOC_STRINGS = YES;
				SWIFT_VERSION = 5.0;
				TARGETED_DEVICE_FAMILY = "1,2";
			};
			name = Debug;
		};
		08F2C4B02C142550000148B5 /* Release */ = {
			isa = XCBuildConfiguration;
			buildSettings = {
				ASSETCATALOG_COMPILER_APPICON_NAME = AppIcon;
				ASSETCATALOG_COMPILER_GLOBAL_ACCENT_COLOR_NAME = AccentColor;
				CODE_SIGN_STYLE = Automatic;
				CURRENT_PROJECT_VERSION = 1;
				DEVELOPMENT_ASSET_PATHS = "\"InspectionsApp/Preview Content\"";
				ENABLE_PREVIEWS = YES;
				GENERATE_INFOPLIST_FILE = YES;
				INFOPLIST_KEY_UIApplicationSceneManifest_Generation = YES;
				INFOPLIST_KEY_UIApplicationSupportsIndirectInputEvents = YES;
				INFOPLIST_KEY_UILaunchScreen_Generation = YES;
				INFOPLIST_KEY_UISupportedInterfaceOrientations_iPad = "UIInterfaceOrientationPortrait UIInterfaceOrientationPortraitUpsideDown UIInterfaceOrientationLandscapeLeft UIInterfaceOrientationLandscapeRight";
				INFOPLIST_KEY_UISupportedInterfaceOrientations_iPhone = "UIInterfaceOrientationPortrait UIInterfaceOrientationLandscapeLeft UIInterfaceOrientationLandscapeRight";
				LD_RUNPATH_SEARCH_PATHS = (
					"$(inherited)",
					"@executable_path/Frameworks",
				);
				MARKETING_VERSION = 1.0;
				PRODUCT_BUNDLE_IDENTIFIER = com.parshwanath.InspectionsApp;
				PRODUCT_NAME = "$(TARGET_NAME)";
				SWIFT_EMIT_LOC_STRINGS = YES;
				SWIFT_VERSION = 5.0;
				TARGETED_DEVICE_FAMILY = "1,2";
			};
			name = Release;
		};
		08F2C4B22C142550000148B5 /* Debug */ = {
			isa = XCBuildConfiguration;
			buildSettings = {
				ALWAYS_EMBED_SWIFT_STANDARD_LIBRARIES = YES;
				BUNDLE_LOADER = "$(TEST_HOST)";
				CODE_SIGN_STYLE = Automatic;
				CURRENT_PROJECT_VERSION = 1;
				GENERATE_INFOPLIST_FILE = YES;
				IPHONEOS_DEPLOYMENT_TARGET = 16.4;
				MARKETING_VERSION = 1.0;
				PRODUCT_BUNDLE_IDENTIFIER = com.parshwanath.InspectionsAppTests;
				PRODUCT_NAME = "$(TARGET_NAME)";
				SWIFT_EMIT_LOC_STRINGS = NO;
				SWIFT_VERSION = 5.0;
				TARGETED_DEVICE_FAMILY = "1,2";
				TEST_HOST = "$(BUILT_PRODUCTS_DIR)/InspectionsApp.app/$(BUNDLE_EXECUTABLE_FOLDER_PATH)/InspectionsApp";
			};
			name = Debug;
		};
		08F2C4B32C142550000148B5 /* Release */ = {
			isa = XCBuildConfiguration;
			buildSettings = {
				ALWAYS_EMBED_SWIFT_STANDARD_LIBRARIES = YES;
				BUNDLE_LOADER = "$(TEST_HOST)";
				CODE_SIGN_STYLE = Automatic;
				CURRENT_PROJECT_VERSION = 1;
				GENERATE_INFOPLIST_FILE = YES;
				IPHONEOS_DEPLOYMENT_TARGET = 16.4;
				MARKETING_VERSION = 1.0;
				PRODUCT_BUNDLE_IDENTIFIER = com.parshwanath.InspectionsAppTests;
				PRODUCT_NAME = "$(TARGET_NAME)";
				SWIFT_EMIT_LOC_STRINGS = NO;
				SWIFT_VERSION = 5.0;
				TARGETED_DEVICE_FAMILY = "1,2";
				TEST_HOST = "$(BUILT_PRODUCTS_DIR)/InspectionsApp.app/$(BUNDLE_EXECUTABLE_FOLDER_PATH)/InspectionsApp";
			};
			name = Release;
		};
		08F2C4B52C142550000148B5 /* Debug */ = {
			isa = XCBuildConfiguration;
			buildSettings = {
				ALWAYS_EMBED_SWIFT_STANDARD_LIBRARIES = YES;
				CODE_SIGN_STYLE = Automatic;
				CURRENT_PROJECT_VERSION = 1;
				GENERATE_INFOPLIST_FILE = YES;
				MARKETING_VERSION = 1.0;
				PRODUCT_BUNDLE_IDENTIFIER = com.parshwanath.InspectionsAppUITests;
				PRODUCT_NAME = "$(TARGET_NAME)";
				SWIFT_EMIT_LOC_STRINGS = NO;
				SWIFT_VERSION = 5.0;
				TARGETED_DEVICE_FAMILY = "1,2";
				TEST_TARGET_NAME = InspectionsApp;
			};
			name = Debug;
		};
		08F2C4B62C142550000148B5 /* Release */ = {
			isa = XCBuildConfiguration;
			buildSettings = {
				ALWAYS_EMBED_SWIFT_STANDARD_LIBRARIES = YES;
				CODE_SIGN_STYLE = Automatic;
				CURRENT_PROJECT_VERSION = 1;
				GENERATE_INFOPLIST_FILE = YES;
				MARKETING_VERSION = 1.0;
				PRODUCT_BUNDLE_IDENTIFIER = com.parshwanath.InspectionsAppUITests;
				PRODUCT_NAME = "$(TARGET_NAME)";
				SWIFT_EMIT_LOC_STRINGS = NO;
				SWIFT_VERSION = 5.0;
				TARGETED_DEVICE_FAMILY = "1,2";
				TEST_TARGET_NAME = InspectionsApp;
			};
			name = Release;
		};
/* End XCBuildConfiguration section */

/* Begin XCConfigurationList section */
		08F2C4802C14254C000148B5 /* Build configuration list for PBXProject "InspectionsApp" */ = {
			isa = XCConfigurationList;
			buildConfigurations = (
				08F2C4AC2C142550000148B5 /* Debug */,
				08F2C4AD2C142550000148B5 /* Release */,
			);
			defaultConfigurationIsVisible = 0;
			defaultConfigurationName = Release;
		};
		08F2C4AE2C142550000148B5 /* Build configuration list for PBXNativeTarget "InspectionsApp" */ = {
			isa = XCConfigurationList;
			buildConfigurations = (
				08F2C4AF2C142550000148B5 /* Debug */,
				08F2C4B02C142550000148B5 /* Release */,
			);
			defaultConfigurationIsVisible = 0;
			defaultConfigurationName = Release;
		};
		08F2C4B12C142550000148B5 /* Build configuration list for PBXNativeTarget "InspectionsAppTests" */ = {
			isa = XCConfigurationList;
			buildConfigurations = (
				08F2C4B22C142550000148B5 /* Debug */,
				08F2C4B32C142550000148B5 /* Release */,
			);
			defaultConfigurationIsVisible = 0;
			defaultConfigurationName = Release;
		};
		08F2C4B42C142550000148B5 /* Build configuration list for PBXNativeTarget "InspectionsAppUITests" */ = {
			isa = XCConfigurationList;
			buildConfigurations = (
				08F2C4B52C142550000148B5 /* Debug */,
				08F2C4B62C142550000148B5 /* Release */,
			);
			defaultConfigurationIsVisible = 0;
			defaultConfigurationName = Release;
		};
/* End XCConfigurationList section */

/* Begin XCVersionGroup section */
		08F2C4932C14254F000148B5 /* InspectionsApp.xcdatamodeld */ = {
			isa = XCVersionGroup;
			children = (
				08F2C4942C14254F000148B5 /* InspectionsApp.xcdatamodel */,
			);
			currentVersion = 08F2C4942C14254F000148B5 /* InspectionsApp.xcdatamodel */;
			path = InspectionsApp.xcdatamodeld;
			sourceTree = "<group>";
			versionGroupType = wrapper.xcdatamodel;
		};
/* End XCVersionGroup section */
	};
	rootObject = 08F2C47D2C14254C000148B5 /* Project object */;
}
